
Microsoft Visual Studio Solution File, Format Version 12.00
# Visual Studio Version 17
VisualStudioVersion = 17.3.32819.101
MinimumVisualStudioVersion = 10.0.40219.1
Project("{9A19103F-16F7-4668-BE54-9A1E7A4F7556}") = "Core.Domain", "Core.Domain\Core.Domain.csproj", "{3646A427-746A-4F17-A5F3-36BE6C580F4E}"
EndProject
Project("{9A19103F-16F7-4668-BE54-9A1E7A4F7556}") = "Core.DomainServices", "Core.DomainServices\Core.DomainServices.csproj", "{ECEC6581-C6AA-4C52-94CD-FE928518AAF7}"
EndProject
Project("{9A19103F-16F7-4668-BE54-9A1E7A4F7556}") = "Infrastructure.EF", "Infrastructure\Infrastructure.EF.csproj", "{850BF258-7E39-4B63-9EFB-91D216C33AE4}"
EndProject
Project("{9A19103F-16F7-4668-BE54-9A1E7A4F7556}") = "Portal", "Portal\Portal.csproj", "{B8B3F28E-36B8-4A22-9D2B-533C131DBB8C}"
EndProject
Project("{2150E333-8FDC-42A3-9474-1A3956D46DE8}") = "Core", "Core", "{CFFC809B-04A1-4A2B-9A91-894F98724C2A}"
EndProject
Project("{2150E333-8FDC-42A3-9474-1A3956D46DE8}") = "Infrastructure", "Infrastructure", "{DCBDFA3C-F6E5-4AC3-A8C3-DECF4594473D}"
EndProject
Project("{2150E333-8FDC-42A3-9474-1A3956D46DE8}") = "UI", "UI", "{94A0535C-DC62-4AF2-9780-9FB7C5E1BB07}"
EndProject
Project("{FAE04EC0-301F-11D3-BF4B-00C04F79EFBC}") = "Core.Domain.Tests", "Core.Domain.Tests\Core.Domain.Tests.csproj", "{35A26BE3-673F-4186-BA64-6F45D56E04FA}"
EndProject
Project("{FAE04EC0-301F-11D3-BF4B-00C04F79EFBC}") = "Core.DomainServices.Tests", "Core.DomainServices.Tests\Core.DomainServices.Tests.csproj", "{5E2FF76B-9C29-48F8-87F9-DB3C18E83BF1}"
EndProject
Project("{FAE04EC0-301F-11D3-BF4B-00C04F79EFBC}") = "Infrastructure.EF.Tests", "Infrastructure.EF.Tests\Infrastructure.EF.Tests.csproj", "{38CA2363-FBD8-48A5-95A2-7735EEAEC8F4}"
EndProject
Project("{FAE04EC0-301F-11D3-BF4B-00C04F79EFBC}") = "Portal.Tests", "Portal.Tests\Portal.Tests.csproj", "{61E1AAE7-E819-4B08-9D5C-954DDFBA854D}"
EndProject
Global
	GlobalSection(SolutionConfigurationPlatforms) = preSolution
		Debug|Any CPU = Debug|Any CPU
		Release|Any CPU = Release|Any CPU
	EndGlobalSection
	GlobalSection(ProjectConfigurationPlatforms) = postSolution
		{3646A427-746A-4F17-A5F3-36BE6C580F4E}.Debug|Any CPU.ActiveCfg = Debug|Any CPU
		{3646A427-746A-4F17-A5F3-36BE6C580F4E}.Debug|Any CPU.Build.0 = Debug|Any CPU
		{3646A427-746A-4F17-A5F3-36BE6C580F4E}.Release|Any CPU.ActiveCfg = Release|Any CPU
		{3646A427-746A-4F17-A5F3-36BE6C580F4E}.Release|Any CPU.Build.0 = Release|Any CPU
		{ECEC6581-C6AA-4C52-94CD-FE928518AAF7}.Debug|Any CPU.ActiveCfg = Debug|Any CPU
		{ECEC6581-C6AA-4C52-94CD-FE928518AAF7}.Debug|Any CPU.Build.0 = Debug|Any CPU
		{ECEC6581-C6AA-4C52-94CD-FE928518AAF7}.Release|Any CPU.ActiveCfg = Release|Any CPU
		{ECEC6581-C6AA-4C52-94CD-FE928518AAF7}.Release|Any CPU.Build.0 = Release|Any CPU
		{850BF258-7E39-4B63-9EFB-91D216C33AE4}.Debug|Any CPU.ActiveCfg = Debug|Any CPU
		{850BF258-7E39-4B63-9EFB-91D216C33AE4}.Debug|Any CPU.Build.0 = Debug|Any CPU
		{850BF258-7E39-4B63-9EFB-91D216C33AE4}.Release|Any CPU.ActiveCfg = Release|Any CPU
		{850BF258-7E39-4B63-9EFB-91D216C33AE4}.Release|Any CPU.Build.0 = Release|Any CPU
		{B8B3F28E-36B8-4A22-9D2B-533C131DBB8C}.Debug|Any CPU.ActiveCfg = Debug|Any CPU
		{B8B3F28E-36B8-4A22-9D2B-533C131DBB8C}.Debug|Any CPU.Build.0 = Debug|Any CPU
		{B8B3F28E-36B8-4A22-9D2B-533C131DBB8C}.Release|Any CPU.ActiveCfg = Release|Any CPU
		{B8B3F28E-36B8-4A22-9D2B-533C131DBB8C}.Release|Any CPU.Build.0 = Release|Any CPU
		{35A26BE3-673F-4186-BA64-6F45D56E04FA}.Debug|Any CPU.ActiveCfg = Debug|Any CPU
		{35A26BE3-673F-4186-BA64-6F45D56E04FA}.Debug|Any CPU.Build.0 = Debug|Any CPU
		{35A26BE3-673F-4186-BA64-6F45D56E04FA}.Release|Any CPU.ActiveCfg = Release|Any CPU
		{35A26BE3-673F-4186-BA64-6F45D56E04FA}.Release|Any CPU.Build.0 = Release|Any CPU
		{5E2FF76B-9C29-48F8-87F9-DB3C18E83BF1}.Debug|Any CPU.ActiveCfg = Debug|Any CPU
		{5E2FF76B-9C29-48F8-87F9-DB3C18E83BF1}.Debug|Any CPU.Build.0 = Debug|Any CPU
		{5E2FF76B-9C29-48F8-87F9-DB3C18E83BF1}.Release|Any CPU.ActiveCfg = Release|Any CPU
		{5E2FF76B-9C29-48F8-87F9-DB3C18E83BF1}.Release|Any CPU.Build.0 = Release|Any CPU
		{38CA2363-FBD8-48A5-95A2-7735EEAEC8F4}.Debug|Any CPU.ActiveCfg = Debug|Any CPU
		{38CA2363-FBD8-48A5-95A2-7735EEAEC8F4}.Debug|Any CPU.Build.0 = Debug|Any CPU
		{38CA2363-FBD8-48A5-95A2-7735EEAEC8F4}.Release|Any CPU.ActiveCfg = Release|Any CPU
		{38CA2363-FBD8-48A5-95A2-7735EEAEC8F4}.Release|Any CPU.Build.0 = Release|Any CPU
		{61E1AAE7-E819-4B08-9D5C-954DDFBA854D}.Debug|Any CPU.ActiveCfg = Debug|Any CPU
		{61E1AAE7-E819-4B08-9D5C-954DDFBA854D}.Debug|Any CPU.Build.0 = Debug|Any CPU
		{61E1AAE7-E819-4B08-9D5C-954DDFBA854D}.Release|Any CPU.ActiveCfg = Release|Any CPU
		{61E1AAE7-E819-4B08-9D5C-954DDFBA854D}.Release|Any CPU.Build.0 = Release|Any CPU
	EndGlobalSection
	GlobalSection(SolutionProperties) = preSolution
		HideSolutionNode = FALSE
	EndGlobalSection
	GlobalSection(NestedProjects) = preSolution
		{3646A427-746A-4F17-A5F3-36BE6C580F4E} = {CFFC809B-04A1-4A2B-9A91-894F98724C2A}
		{ECEC6581-C6AA-4C52-94CD-FE928518AAF7} = {CFFC809B-04A1-4A2B-9A91-894F98724C2A}
		{850BF258-7E39-4B63-9EFB-91D216C33AE4} = {DCBDFA3C-F6E5-4AC3-A8C3-DECF4594473D}
		{B8B3F28E-36B8-4A22-9D2B-533C131DBB8C} = {94A0535C-DC62-4AF2-9780-9FB7C5E1BB07}
		{35A26BE3-673F-4186-BA64-6F45D56E04FA} = {CFFC809B-04A1-4A2B-9A91-894F98724C2A}
		{5E2FF76B-9C29-48F8-87F9-DB3C18E83BF1} = {CFFC809B-04A1-4A2B-9A91-894F98724C2A}
		{38CA2363-FBD8-48A5-95A2-7735EEAEC8F4} = {DCBDFA3C-F6E5-4AC3-A8C3-DECF4594473D}
		{61E1AAE7-E819-4B08-9D5C-954DDFBA854D} = {94A0535C-DC62-4AF2-9780-9FB7C5E1BB07}
	EndGlobalSection
	GlobalSection(ExtensibilityGlobals) = postSolution
		SolutionGuid = {20B55FFC-5AA1-40CD-AD8C-03BEE2B36E33}
	EndGlobalSection
EndGlobal
